Microsoft Visual Studio Solution File, Format Version 12.00
# Visual Studio Version 17
VisualStudioVersion = 17.5.2.0
MinimumVisualStudioVersion = 10.0.40219.1
Project("{FAE04EC0-301F-11D3-BF4B-00C04F79EFBC}") = "TrickedDice.Api", "TrickedDice.Api.csproj", "{488D3E98-D3F5-A858-7BC0-A84D320053D7}"
EndProject
Global
	GlobalSection(SolutionConfigurationPlatforms) = preSolution
		Debug|Any CPU = Debug|Any CPU
		Release|Any CPU = Release|Any CPU
	EndGlobalSection
	GlobalSection(ProjectConfigurationPlatforms) = postSolution
		{488D3E98-D3F5-A858-7BC0-A84D320053D7}.Debug|Any CPU.ActiveCfg = Debug|Any CPU
		{488D3E98-D3F5-A858-7BC0-A84D320053D7}.Debug|Any CPU.Build.0 = Debug|Any CPU
		{488D3E98-D3F5-A858-7BC0-A84D320053D7}.Release|Any CPU.ActiveCfg = Release|Any CPU
		{488D3E98-D3F5-A858-7BC0-A84D320053D7}.Release|Any CPU.Build.0 = Release|Any CPU
	EndGlobalSection
	GlobalSection(SolutionProperties) = preSolution
		HideSolutionNode = FALSE
	EndGlobalSection
	GlobalSection(ExtensibilityGlobals) = postSolution
		SolutionGuid = {22C515FF-EB3E-4DDB-B5E2-996894071B28}
	EndGlobalSection
EndGlobal
